
Microsoft Visual Studio Solution File, Format Version 11.00
# Visual Studio 2010
Project("{FAE04EC0-301F-11D3-BF4B-00C04F79EFBC}") = "DynamicObjectProxy", "src\DynamicObjectProxy.csproj", "{758EAD3F-01A3-4BBF-AA97-9947D7394339}"
EndProject
Project("{FAE04EC0-301F-11D3-BF4B-00C04F79EFBC}") = "DynamicObjectProxy.Specs", "spec\DynamicObjectProxy.Specs.csproj", "{F9C1416F-A54C-460D-8565-925DF26DFF96}"
EndProject
Global
	GlobalSection(SolutionConfigurationPlatforms) = preSolution
		Debug|Any CPU = Debug|Any CPU
		Release|Any CPU = Release|Any CPU
	EndGlobalSection
	GlobalSection(ProjectConfigurationPlatforms) = postSolution
		{758EAD3F-01A3-4BBF-AA97-9947D7394339}.Debug|Any CPU.ActiveCfg = Debug|Any CPU
		{758EAD3F-01A3-4BBF-AA97-9947D7394339}.Debug|Any CPU.Build.0 = Debug|Any CPU
		{758EAD3F-01A3-4BBF-AA97-9947D7394339}.Release|Any CPU.ActiveCfg = Release|Any CPU
		{758EAD3F-01A3-4BBF-AA97-9947D7394339}.Release|Any CPU.Build.0 = Release|Any CPU
		{F9C1416F-A54C-460D-8565-925DF26DFF96}.Debug|Any CPU.ActiveCfg = Debug|Any CPU
		{F9C1416F-A54C-460D-8565-925DF26DFF96}.Debug|Any CPU.Build.0 = Debug|Any CPU
		{F9C1416F-A54C-460D-8565-925DF26DFF96}.Release|Any CPU.ActiveCfg = Release|Any CPU
		{F9C1416F-A54C-460D-8565-925DF26DFF96}.Release|Any CPU.Build.0 = Release|Any CPU
	EndGlobalSection
	GlobalSection(SolutionProperties) = preSolution
		HideSolutionNode = FALSE
	EndGlobalSection
EndGlobal
